
Microsoft Visual Studio Solution File, Format Version 12.00
# Visual Studio Version 16
VisualStudioVersion = 16.0.32802.440
MinimumVisualStudioVersion = 10.0.40219.1
Project("{FAE04EC0-301F-11D3-BF4B-00C04F79EFBC}") = "Nothing", "Nothing\Nothing.csproj", "{28B1A7BA-9530-4F03-B76D-695B9D08B37C}"
EndProject
Global
	GlobalSection(SolutionConfigurationPlatforms) = preSolution
		Debug|Any CPU = Debug|Any CPU
		Release|Any CPU = Release|Any CPU
	EndGlobalSection
	GlobalSection(ProjectConfigurationPlatforms) = postSolution
		{28B1A7BA-9530-4F03-B76D-695B9D08B37C}.Debug|Any CPU.ActiveCfg = Debug|Any CPU
		{28B1A7BA-9530-4F03-B76D-695B9D08B37C}.Debug|Any CPU.Build.0 = Debug|Any CPU
		{28B1A7BA-9530-4F03-B76D-695B9D08B37C}.Release|Any CPU.ActiveCfg = Release|Any CPU
		{28B1A7BA-9530-4F03-B76D-695B9D08B37C}.Release|Any CPU.Build.0 = Release|Any CPU
	EndGlobalSection
	GlobalSection(SolutionProperties) = preSolution
		HideSolutionNode = FALSE
	EndGlobalSection
	GlobalSection(ExtensibilityGlobals) = postSolution
		SolutionGuid = {8613F701-AA4D-4B44-A875-03FD1F01A2F2}
	EndGlobalSection
EndGlobal
